{
  "name": "@mfw/base-cli-plugin-microservice",
  "version": "0.0.1",
  "lockfileVersion": 1,
  "requires": true,
  "dependencies": {
    "@mfw/api-proxy-webpack-plugin": {
      "version": "0.1.2",
      "resolved": "http://npm.mfwdev.com/@mfw%2fapi-proxy-webpack-plugin/-/api-proxy-webpack-plugin-0.1.2.tgz",
      "integrity": "sha512-QscXYSNHk+V5rozzFz1aQ/IaZ5VMxmP1Vk/cIrrvc99iHjSv1AaBazq0mxCNLRV5zLJQG8ub2nqP1FI7a6cKqg=="
    }
  }
}
